
Microsoft Visual Studio Solution File, Format Version 12.00
# Visual Studio Version 16
VisualStudioVersion = 16.0.31729.503
MinimumVisualStudioVersion = 10.0.40219.1
Project("{FAE04EC0-301F-11D3-BF4B-00C04F79EFBC}") = "konsolll", "konsolll.csproj", "{9AFE7CFA-FD96-444A-BA17-53EEEE4AE297}"
EndProject
Global
	GlobalSection(SolutionConfigurationPlatforms) = preSolution
		Debug|Any CPU = Debug|Any CPU
		Release|Any CPU = Release|Any CPU
	EndGlobalSection
	GlobalSection(ProjectConfigurationPlatforms) = postSolution
		{9AFE7CFA-FD96-444A-BA17-53EEEE4AE297}.Debug|Any CPU.ActiveCfg = Debug|Any CPU
		{9AFE7CFA-FD96-444A-BA17-53EEEE4AE297}.Debug|Any CPU.Build.0 = Debug|Any CPU
		{9AFE7CFA-FD96-444A-BA17-53EEEE4AE297}.Release|Any CPU.ActiveCfg = Release|Any CPU
		{9AFE7CFA-FD96-444A-BA17-53EEEE4AE297}.Release|Any CPU.Build.0 = Release|Any CPU
	EndGlobalSection
	GlobalSection(SolutionProperties) = preSolution
		HideSolutionNode = FALSE
	EndGlobalSection
	GlobalSection(ExtensibilityGlobals) = postSolution
		SolutionGuid = {0B6F63CC-94C3-4A4D-89FC-EB907CDB0256}
	EndGlobalSection
EndGlobal
